
Microsoft Visual Studio Solution File, Format Version 12.00
# Visual Studio 15
VisualStudioVersion = 15.0.27703.2042
MinimumVisualStudioVersion = 10.0.40219.1
Project("{D954291E-2A0B-460D-934E-DC6B0785DB48}") = "Andriod app", "Andriod app\Andriod app\Andriod app.shproj", "{A61DDD70-B79A-449D-88BA-0EF9FDAAE10D}"
EndProject
Global
	GlobalSection(SolutionProperties) = preSolution
		HideSolutionNode = FALSE
	EndGlobalSection
	GlobalSection(ExtensibilityGlobals) = postSolution
		SolutionGuid = {C7F96AE7-68FB-430A-A628-B38EFA69564F}
	EndGlobalSection
EndGlobal
