
Microsoft Visual Studio Solution File, Format Version 12.00
# Visual Studio 15
VisualStudioVersion = 15.0.27703.2042
MinimumVisualStudioVersion = 10.0.40219.1
Project("{D954291E-2A0B-460D-934E-DC6B0785DB48}") = "Scouting app(multiplatform)", "Scouting app(multiplatform)\Scouting app(multiplatform)\Scouting app(multiplatform).shproj", "{9C03413B-86F5-4F86-A462-B12DD3417867}"
EndProject
Global
	GlobalSection(SolutionProperties) = preSolution
		HideSolutionNode = FALSE
	EndGlobalSection
	GlobalSection(ExtensibilityGlobals) = postSolution
		SolutionGuid = {383F7FD8-FFAC-41CF-B6DA-376486D7D4B1}
	EndGlobalSection
EndGlobal
